
Microsoft Visual Studio Solution File, Format Version 12.00
# Visual Studio 14
VisualStudioVersion = 14.0.25420.1
MinimumVisualStudioVersion = 10.0.40219.1
Project("{FAE04EC0-301F-11D3-BF4B-00C04F79EFBC}") = "WordGame", "WordGame\WordGame.csproj", "{E4293236-9131-4469-8A45-F70B26044DBF}"
EndProject
Project("{FAE04EC0-301F-11D3-BF4B-00C04F79EFBC}") = "WordGameClient", "WordGameClient\WordGameClient.csproj", "{744C1309-9E7A-4A5F-B8F8-655FCF94A909}"
EndProject
Global
	GlobalSection(SolutionConfigurationPlatforms) = preSolution
		Debug|Any CPU = Debug|Any CPU
		Release|Any CPU = Release|Any CPU
	EndGlobalSection
	GlobalSection(ProjectConfigurationPlatforms) = postSolution
		{E4293236-9131-4469-8A45-F70B26044DBF}.Debug|Any CPU.ActiveCfg = Debug|Any CPU
		{E4293236-9131-4469-8A45-F70B26044DBF}.Debug|Any CPU.Build.0 = Debug|Any CPU
		{E4293236-9131-4469-8A45-F70B26044DBF}.Release|Any CPU.ActiveCfg = Release|Any CPU
		{E4293236-9131-4469-8A45-F70B26044DBF}.Release|Any CPU.Build.0 = Release|Any CPU
		{744C1309-9E7A-4A5F-B8F8-655FCF94A909}.Debug|Any CPU.ActiveCfg = Debug|Any CPU
		{744C1309-9E7A-4A5F-B8F8-655FCF94A909}.Debug|Any CPU.Build.0 = Debug|Any CPU
		{744C1309-9E7A-4A5F-B8F8-655FCF94A909}.Release|Any CPU.ActiveCfg = Release|Any CPU
		{744C1309-9E7A-4A5F-B8F8-655FCF94A909}.Release|Any CPU.Build.0 = Release|Any CPU
	EndGlobalSection
	GlobalSection(SolutionProperties) = preSolution
		HideSolutionNode = FALSE
	EndGlobalSection
	GlobalSection(ExtensibilityGlobals) = postSolution
		SolutionGuid = {AB5FED16-845E-46F5-A2FA-2CB6FF01C797}
	EndGlobalSection
EndGlobal
